{
  "name": "jacobian",
  "version": "0.12.0",
  "lockfileVersion": 3,
  "requires": true,
  "packages": {
    "": {
      "name": "jacobian",
      "version": "0.12.0",
      "license": "MIT",
      "bin": {
        "jacobian": "bin/jacobian.cjs"
      },
      "engines": {
        "node": ">=18"
      }
    }
  }
}
